
Microsoft Visual Studio Solution File, Format Version 12.00
# Visual Studio Version 17
VisualStudioVersion = 17.3.32825.248
MinimumVisualStudioVersion = 10.0.40219.1
Project("{FAE04EC0-301F-11D3-BF4B-00C04F79EFBC}") = "Exercises2", "Exercises2.csproj", "{CA6D41D2-25BA-4187-AB28-37B34A9FF3C0}"
EndProject
Global
	GlobalSection(SolutionConfigurationPlatforms) = preSolution
		Debug|Any CPU = Debug|Any CPU
		Release|Any CPU = Release|Any CPU
	EndGlobalSection
	GlobalSection(ProjectConfigurationPlatforms) = postSolution
		{CA6D41D2-25BA-4187-AB28-37B34A9FF3C0}.Debug|Any CPU.ActiveCfg = Debug|Any CPU
		{CA6D41D2-25BA-4187-AB28-37B34A9FF3C0}.Debug|Any CPU.Build.0 = Debug|Any CPU
		{CA6D41D2-25BA-4187-AB28-37B34A9FF3C0}.Release|Any CPU.ActiveCfg = Release|Any CPU
		{CA6D41D2-25BA-4187-AB28-37B34A9FF3C0}.Release|Any CPU.Build.0 = Release|Any CPU
	EndGlobalSection
	GlobalSection(SolutionProperties) = preSolution
		HideSolutionNode = FALSE
	EndGlobalSection
	GlobalSection(ExtensibilityGlobals) = postSolution
		SolutionGuid = {D3AC6DE5-E33A-4BC6-9BBE-11A6E88F6323}
	EndGlobalSection
EndGlobal
